<?xml version="1.0" encoding="utf-8"?>
<Project ToolsVersion="4.0" xmlns="http://schemas.microsoft.com/developer/msbuild/2003">
  <ItemGroup>
    <ClCompile Include="Main.cpp" />
    <ClCompile Include="D3D12GfxDevice.cpp" />
    <ClCompile Include="D3D12GfxContext.cpp" />
    <ClCompile Include="WinApplication.cpp" />
  </ItemGroup>
  <ItemGroup>
    <Filter Include="Include">
      <UniqueIdentifier>{7da78394-42e6-4d8e-9fc2-0c329e484712}</UniqueIdentifier>
    </Filter>
  </ItemGroup>
  <ItemGroup>
    <ClInclude Include="..\..\Include\Utils.h">
      <Filter>Include</Filter>
    </ClInclude>
    <ClInclude Include="D3D12GfxDevice.h" />
    <ClInclude Include="D3D12GfxContext.h" />
    <ClInclude Include="..\..\Include\d3dx12.h">
      <Filter>Include</Filter>
    </ClInclude>
    <ClInclude Include="WinApplication.h" />
  </ItemGroup>
</Project>