<?xml version="1.0" encoding="utf-8"?>
<Project ToolsVersion="4.0" xmlns="http://schemas.microsoft.com/developer/msbuild/2003">
  <ItemGroup>
    <Filter Include="Include">
      <UniqueIdentifier>{f1c44f20-7dac-4005-8579-71d7700fcab2}</UniqueIdentifier>
    </Filter>
  </ItemGroup>
  <ItemGroup>
    <ClCompile Include="DXWindow.cpp" />
  </ItemGroup>
  <ItemGroup>
    <ClInclude Include="DXWindow.h" />
    <ClInclude Include="..\Include\d3dx12.h">
      <Filter>Include</Filter>
    </ClInclude>
    <ClInclude Include="..\Include\dxhelper.h">
      <Filter>Include</Filter>
    </ClInclude>
  </ItemGroup>
</Project>